
Microsoft Visual Studio Solution File, Format Version 12.00
# Visual Studio Version 17
VisualStudioVersion = 17.9.34723.18
MinimumVisualStudioVersion = 10.0.40219.1
Project("{8BC9CEB8-8B4A-11D0-8D11-00A0C91BC942}") = "Priority Queue", "Priority Queue\Priority Queue.vcxproj", "{E911F2A2-254B-4D03-8A32-29247C8083A2}"
EndProject
Global
	GlobalSection(SolutionConfigurationPlatforms) = preSolution
		Debug|x64 = Debug|x64
		Debug|x86 = Debug|x86
		Release|x64 = Release|x64
		Release|x86 = Release|x86
	EndGlobalSection
	GlobalSection(ProjectConfigurationPlatforms) = postSolution
		{E911F2A2-254B-4D03-8A32-29247C8083A2}.Debug|x64.ActiveCfg = Debug|x64
		{E911F2A2-254B-4D03-8A32-29247C8083A2}.Debug|x64.Build.0 = Debug|x64
		{E911F2A2-254B-4D03-8A32-29247C8083A2}.Debug|x86.ActiveCfg = Debug|Win32
		{E911F2A2-254B-4D03-8A32-29247C8083A2}.Debug|x86.Build.0 = Debug|Win32
		{E911F2A2-254B-4D03-8A32-29247C8083A2}.Release|x64.ActiveCfg = Release|x64
		{E911F2A2-254B-4D03-8A32-29247C8083A2}.Release|x64.Build.0 = Release|x64
		{E911F2A2-254B-4D03-8A32-29247C8083A2}.Release|x86.ActiveCfg = Release|Win32
		{E911F2A2-254B-4D03-8A32-29247C8083A2}.Release|x86.Build.0 = Release|Win32
	EndGlobalSection
	GlobalSection(SolutionProperties) = preSolution
		HideSolutionNode = FALSE
	EndGlobalSection
	GlobalSection(ExtensibilityGlobals) = postSolution
		SolutionGuid = {E0B81BF9-2210-4A14-8806-2DD24BCF0760}
	EndGlobalSection
EndGlobal
