
Microsoft Visual Studio Solution File, Format Version 12.00
# Visual Studio Version 17
VisualStudioVersion = 17.9.34723.18
MinimumVisualStudioVersion = 10.0.40219.1
Project("{8BC9CEB8-8B4A-11D0-8D11-00A0C91BC942}") = "Mid Term DSA Lab", "Mid Term DSA Lab\Mid Term DSA Lab.vcxproj", "{91675DAE-4094-4EB7-8CE2-64F9A3B68399}"
EndProject
Global
	GlobalSection(SolutionConfigurationPlatforms) = preSolution
		Debug|x64 = Debug|x64
		Debug|x86 = Debug|x86
		Release|x64 = Release|x64
		Release|x86 = Release|x86
	EndGlobalSection
	GlobalSection(ProjectConfigurationPlatforms) = postSolution
		{91675DAE-4094-4EB7-8CE2-64F9A3B68399}.Debug|x64.ActiveCfg = Debug|x64
		{91675DAE-4094-4EB7-8CE2-64F9A3B68399}.Debug|x64.Build.0 = Debug|x64
		{91675DAE-4094-4EB7-8CE2-64F9A3B68399}.Debug|x86.ActiveCfg = Debug|Win32
		{91675DAE-4094-4EB7-8CE2-64F9A3B68399}.Debug|x86.Build.0 = Debug|Win32
		{91675DAE-4094-4EB7-8CE2-64F9A3B68399}.Release|x64.ActiveCfg = Release|x64
		{91675DAE-4094-4EB7-8CE2-64F9A3B68399}.Release|x64.Build.0 = Release|x64
		{91675DAE-4094-4EB7-8CE2-64F9A3B68399}.Release|x86.ActiveCfg = Release|Win32
		{91675DAE-4094-4EB7-8CE2-64F9A3B68399}.Release|x86.Build.0 = Release|Win32
	EndGlobalSection
	GlobalSection(SolutionProperties) = preSolution
		HideSolutionNode = FALSE
	EndGlobalSection
	GlobalSection(ExtensibilityGlobals) = postSolution
		SolutionGuid = {E3A0B89D-B749-4356-978C-22020617E6DE}
	EndGlobalSection
EndGlobal
